
Microsoft Visual Studio Solution File, Format Version 12.00
# Visual Studio 15
VisualStudioVersion = 15.0.28307.1831
MinimumVisualStudioVersion = 10.0.40219.1
Project("{8BC9CEB8-8B4A-11D0-8D11-00A0C91BC942}") = "WinAPI", "WinAPI\WinAPI.vcxproj", "{8AC0EF3A-1B53-4045-A107-A9D555A92CA7}"
EndProject
Project("{8BC9CEB8-8B4A-11D0-8D11-00A0C91BC942}") = "ComboBox", "ComboBox\ComboBox.vcxproj", "{21FE0099-4650-4A1C-8B06-72AEC7FD4FC4}"
EndProject
Global
	GlobalSection(SolutionConfigurationPlatforms) = preSolution
		Debug|x64 = Debug|x64
		Debug|x86 = Debug|x86
		Release|x64 = Release|x64
		Release|x86 = Release|x86
	EndGlobalSection
	GlobalSection(ProjectConfigurationPlatforms) = postSolution
		{8AC0EF3A-1B53-4045-A107-A9D555A92CA7}.Debug|x64.ActiveCfg = Debug|x64
		{8AC0EF3A-1B53-4045-A107-A9D555A92CA7}.Debug|x64.Build.0 = Debug|x64
		{8AC0EF3A-1B53-4045-A107-A9D555A92CA7}.Debug|x86.ActiveCfg = Debug|Win32
		{8AC0EF3A-1B53-4045-A107-A9D555A92CA7}.Debug|x86.Build.0 = Debug|Win32
		{8AC0EF3A-1B53-4045-A107-A9D555A92CA7}.Release|x64.ActiveCfg = Release|x64
		{8AC0EF3A-1B53-4045-A107-A9D555A92CA7}.Release|x64.Build.0 = Release|x64
		{8AC0EF3A-1B53-4045-A107-A9D555A92CA7}.Release|x86.ActiveCfg = Release|Win32
		{8AC0EF3A-1B53-4045-A107-A9D555A92CA7}.Release|x86.Build.0 = Release|Win32
		{21FE0099-4650-4A1C-8B06-72AEC7FD4FC4}.Debug|x64.ActiveCfg = Debug|x64
		{21FE0099-4650-4A1C-8B06-72AEC7FD4FC4}.Debug|x64.Build.0 = Debug|x64
		{21FE0099-4650-4A1C-8B06-72AEC7FD4FC4}.Debug|x86.ActiveCfg = Debug|Win32
		{21FE0099-4650-4A1C-8B06-72AEC7FD4FC4}.Debug|x86.Build.0 = Debug|Win32
		{21FE0099-4650-4A1C-8B06-72AEC7FD4FC4}.Release|x64.ActiveCfg = Release|x64
		{21FE0099-4650-4A1C-8B06-72AEC7FD4FC4}.Release|x64.Build.0 = Release|x64
		{21FE0099-4650-4A1C-8B06-72AEC7FD4FC4}.Release|x86.ActiveCfg = Release|Win32
		{21FE0099-4650-4A1C-8B06-72AEC7FD4FC4}.Release|x86.Build.0 = Release|Win32
	EndGlobalSection
	GlobalSection(SolutionProperties) = preSolution
		HideSolutionNode = FALSE
	EndGlobalSection
	GlobalSection(ExtensibilityGlobals) = postSolution
		SolutionGuid = {33DF4F0E-2492-44CE-BD05-E4E58F26AA26}
	EndGlobalSection
EndGlobal
